
Microsoft Visual Studio Solution File, Format Version 12.00
# Visual Studio Version 17
VisualStudioVersion = 17.4.33205.214
MinimumVisualStudioVersion = 10.0.40219.1
Project("{FAE04EC0-301F-11D3-BF4B-00C04F79EFBC}") = "BasicWeb", "BasicWeb.csproj", "{642D7429-F590-417B-BDA3-AD4D2A35E270}"
EndProject
Global
	GlobalSection(SolutionConfigurationPlatforms) = preSolution
		Debug|Any CPU = Debug|Any CPU
		Release|Any CPU = Release|Any CPU
	EndGlobalSection
	GlobalSection(ProjectConfigurationPlatforms) = postSolution
		{642D7429-F590-417B-BDA3-AD4D2A35E270}.Debug|Any CPU.ActiveCfg = Debug|Any CPU
		{642D7429-F590-417B-BDA3-AD4D2A35E270}.Debug|Any CPU.Build.0 = Debug|Any CPU
		{642D7429-F590-417B-BDA3-AD4D2A35E270}.Release|Any CPU.ActiveCfg = Release|Any CPU
		{642D7429-F590-417B-BDA3-AD4D2A35E270}.Release|Any CPU.Build.0 = Release|Any CPU
	EndGlobalSection
	GlobalSection(SolutionProperties) = preSolution
		HideSolutionNode = FALSE
	EndGlobalSection
	GlobalSection(ExtensibilityGlobals) = postSolution
		SolutionGuid = {9A69A16C-F09C-475E-94B0-64EB6A2292B7}
	EndGlobalSection
EndGlobal
