
Microsoft Visual Studio Solution File, Format Version 12.00
# Visual Studio Version 17
VisualStudioVersion = 17.4.33205.214
MinimumVisualStudioVersion = 10.0.40219.1
Project("{FAE04EC0-301F-11D3-BF4B-00C04F79EFBC}") = "BoardWebApp", "BoardWebApp.csproj", "{96E26269-C5A5-4D8C-9B02-95171C6723D7}"
EndProject
Global
	GlobalSection(SolutionConfigurationPlatforms) = preSolution
		Debug|Any CPU = Debug|Any CPU
		Release|Any CPU = Release|Any CPU
	EndGlobalSection
	GlobalSection(ProjectConfigurationPlatforms) = postSolution
		{96E26269-C5A5-4D8C-9B02-95171C6723D7}.Debug|Any CPU.ActiveCfg = Debug|Any CPU
		{96E26269-C5A5-4D8C-9B02-95171C6723D7}.Debug|Any CPU.Build.0 = Debug|Any CPU
		{96E26269-C5A5-4D8C-9B02-95171C6723D7}.Release|Any CPU.ActiveCfg = Release|Any CPU
		{96E26269-C5A5-4D8C-9B02-95171C6723D7}.Release|Any CPU.Build.0 = Release|Any CPU
	EndGlobalSection
	GlobalSection(SolutionProperties) = preSolution
		HideSolutionNode = FALSE
	EndGlobalSection
	GlobalSection(ExtensibilityGlobals) = postSolution
		SolutionGuid = {A2A0002E-D8E9-4371-A1C5-9F213B848D25}
	EndGlobalSection
EndGlobal
